
Microsoft Visual Studio Solution File, Format Version 12.00
# Visual Studio Version 17
VisualStudioVersion = 17.10.35122.118
MinimumVisualStudioVersion = 10.0.40219.1
Project("{FAE04EC0-301F-11D3-BF4B-00C04F79EFBC}") = "FbManagement.Api", "FbManagement.Api\FbManagement.Api.csproj", "{32448091-80C8-4264-B665-A140B55CB2B0}"
EndProject
Global
	GlobalSection(SolutionConfigurationPlatforms) = preSolution
		Debug|Any CPU = Debug|Any CPU
		Release|Any CPU = Release|Any CPU
	EndGlobalSection
	GlobalSection(ProjectConfigurationPlatforms) = postSolution
		{32448091-80C8-4264-B665-A140B55CB2B0}.Debug|Any CPU.ActiveCfg = Debug|Any CPU
		{32448091-80C8-4264-B665-A140B55CB2B0}.Debug|Any CPU.Build.0 = Debug|Any CPU
		{32448091-80C8-4264-B665-A140B55CB2B0}.Release|Any CPU.ActiveCfg = Release|Any CPU
		{32448091-80C8-4264-B665-A140B55CB2B0}.Release|Any CPU.Build.0 = Release|Any CPU
	EndGlobalSection
	GlobalSection(SolutionProperties) = preSolution
		HideSolutionNode = FALSE
	EndGlobalSection
	GlobalSection(ExtensibilityGlobals) = postSolution
		SolutionGuid = {B8E0474D-F047-4476-A7BF-F9FCB841A68E}
	EndGlobalSection
EndGlobal
